// !$*UTF8*$!
{
	archiveVersion = 1;
	classes = {
	};
	objectVersion = 46;
	objects = {

/* Begin PBXBuildFile section */
		029E68EB1D35FB7100AFDE82 /* RestaurantResults.swift in Sources */ = {isa = PBXBuildFile; fileRef = 029E68EA1D35FB7100AFDE82 /* RestaurantResults.swift */; };
		83AEB1981D2AC9C70064CA23 /* AppDelegate.swift in Sources */ = {isa = PBXBuildFile; fileRef = 83AEB1971D2AC9C70064CA23 /* AppDelegate.swift */; };
		83AEB19A1D2AC9C70064CA23 /* ViewController.swift in Sources */ = {isa = PBXBuildFile; fileRef = 83AEB1991D2AC9C70064CA23 /* ViewController.swift */; };
		83AEB19D1D2AC9C70064CA23 /* Main.storyboard in Resources */ = {isa = PBXBuildFile; fileRef = 83AEB19B1D2AC9C70064CA23 /* Main.storyboard */; };
		83AEB19F1D2AC9C70064CA23 /* Assets.xcassets in Resources */ = {isa = PBXBuildFile; fileRef = 83AEB19E1D2AC9C70064CA23 /* Assets.xcassets */; };
		83AEB1A21D2AC9C70064CA23 /* LaunchScreen.storyboard in Resources */ = {isa = PBXBuildFile; fileRef = 83AEB1A01D2AC9C70064CA23 /* LaunchScreen.storyboard */; };
		83AEB1AD1D2AC9C80064CA23 /* HealthyOutTests.swift in Sources */ = {isa = PBXBuildFile; fileRef = 83AEB1AC1D2AC9C80064CA23 /* HealthyOutTests.swift */; };
		83AEB1B81D2AC9C80064CA23 /* HealthyOutUITests.swift in Sources */ = {isa = PBXBuildFile; fileRef = 83AEB1B71D2AC9C80064CA23 /* HealthyOutUITests.swift */; };
/* End PBXBuildFile section */

/* Begin PBXContainerItemProxy section */
		83AEB1A91D2AC9C80064CA23 /* PBXContainerItemProxy */ = {
			isa = PBXContainerItemProxy;
			containerPortal = 83AEB18C1D2AC9C70064CA23 /* Project object */;
			proxyType = 1;
			remoteGlobalIDString = 83AEB1931D2AC9C70064CA23;
			remoteInfo = HealthyOut;
		};
		83AEB1B41D2AC9C80064CA23 /* PBXContainerItemProxy */ = {
			isa = PBXContainerItemProxy;
			containerPortal = 83AEB18C1D2AC9C70064CA23 /* Project object */;
			proxyType = 1;
			remoteGlobalIDString = 83AEB1931D2AC9C70064CA23;
			remoteInfo = HealthyOut;
		};
/* End PBXContainerItemProxy section */

/* Begin PBXFileReference section */
		029E68EA1D35FB7100AFDE82 /* RestaurantResults.swift */ = {isa = PBXFileReference; fileEncoding = 4; lastKnownFileType = sourcecode.swift; path = RestaurantResults.swift; sourceTree = "<group>"; };
		83AEB1941D2AC9C70064CA23 /* HealthyOut.app */ = {isa = PBXFileReference; explicitFileType = wrapper.application; includeInIndex = 0; path = HealthyOut.app; sourceTree = BUILT_PRODUCTS_DIR; };
		83AEB1971D2AC9C70064CA23 /* AppDelegate.swift */ = {isa = PBXFileReference; lastKnownFileType = sourcecode.swift; path = AppDelegate.swift; sourceTree = "<group>"; };
		83AEB1991D2AC9C70064CA23 /* ViewController.swift */ = {isa = PBXFileReference; lastKnownFileType = sourcecode.swift; path = ViewController.swift; sourceTree = "<group>"; };
		83AEB19C1D2AC9C70064CA23 /* Base */ = {isa = PBXFileReference; lastKnownFileType = file.storyboard; name = Base; path = Base.lproj/Main.storyboard; sourceTree = "<group>"; };
		83AEB19E1D2AC9C70064CA23 /* Assets.xcassets */ = {isa = PBXFileReference; lastKnownFileType = folder.assetcatalog; path = Assets.xcassets; sourceTree = "<group>"; };
		83AEB1A11D2AC9C70064CA23 /* Base */ = {isa = PBXFileReference; lastKnownFileType = file.storyboard; name = Base; path = Base.lproj/LaunchScreen.storyboard; sourceTree = "<group>"; };
		83AEB1A31D2AC9C70064CA23 /* Info.plist */ = {isa = PBXFileReference; lastKnownFileType = text.plist.xml; path = Info.plist; sourceTree = "<group>"; };
		83AEB1A81D2AC9C80064CA23 /* HealthyOutTests.xctest */ = {isa = PBXFileReference; explicitFileType = wrapper.cfbundle; includeInIndex = 0; path = HealthyOutTests.xctest; sourceTree = BUILT_PRODUCTS_DIR; };
		83AEB1AC1D2AC9C80064CA23 /* HealthyOutTests.swift */ = {isa = PBXFileReference; lastKnownFileType = sourcecode.swift; path = HealthyOutTests.swift; sourceTree = "<group>"; };
		83AEB1AE1D2AC9C80064CA23 /* Info.plist */ = {isa = PBXFileReference; lastKnownFileType = text.plist.xml; path = Info.plist; sourceTree = "<group>"; };
		83AEB1B31D2AC9C80064CA23 /* HealthyOutUITests.xctest */ = {isa = PBXFileReference; explicitFileType = wrapper.cfbundle; includeInIndex = 0; path = HealthyOutUITests.xctest; sourceTree = BUILT_PRODUCTS_DIR; };
		83AEB1B71D2AC9C80064CA23 /* HealthyOutUITests.swift */ = {isa = PBXFileReference; lastKnownFileType = sourcecode.swift; path = HealthyOutUITests.swift; sourceTree = "<group>"; };
		83AEB1B91D2AC9C80064CA23 /* Info.plist */ = {isa = PBXFileReference; lastKnownFileType = text.plist.xml; path = Info.plist; sourceTree = "<group>"; };
/* End PBXFileReference section */

/* Begin PBXFrameworksBuildPhase section */
		83AEB1911D2AC9C70064CA23 /* Frameworks */ = {
			isa = PBXFrameworksBuildPhase;
			buildActionMask = 2147483647;
			files = (
			);
			runOnlyForDeploymentPostprocessing = 0;
		};
		83AEB1A51D2AC9C80064CA23 /* Frameworks */ = {
			isa = PBXFrameworksBuildPhase;
			buildActionMask = 2147483647;
			files = (
			);
			runOnlyForDeploymentPostprocessing = 0;
		};
		83AEB1B01D2AC9C80064CA23 /* Frameworks */ = {
			isa = PBXFrameworksBuildPhase;
			buildActionMask = 2147483647;
			files = (
			);
			runOnlyForDeploymentPostprocessing = 0;
		};
/* End PBXFrameworksBuildPhase section */

/* Begin PBXGroup section */
		83AEB18B1D2AC9C70064CA23 = {
			isa = PBXGroup;
			children = (
				83AEB1961D2AC9C70064CA23 /* HealthyOut */,
				83AEB1AB1D2AC9C80064CA23 /* HealthyOutTests */,
				83AEB1B61D2AC9C80064CA23 /* HealthyOutUITests */,
				83AEB1951D2AC9C70064CA23 /* Products */,
			);
			sourceTree = "<group>";
		};
		83AEB1951D2AC9C70064CA23 /* Products */ = {
			isa = PBXGroup;
			children = (
				83AEB1941D2AC9C70064CA23 /* HealthyOut.app */,
				83AEB1A81D2AC9C80064CA23 /* HealthyOutTests.xctest */,
				83AEB1B31D2AC9C80064CA23 /* HealthyOutUITests.xctest */,
			);
			name = Products;
			sourceTree = "<group>";
		};
		83AEB1961D2AC9C70064CA23 /* HealthyOut */ = {
			isa = PBXGroup;
			children = (
				83AEB1971D2AC9C70064CA23 /* AppDelegate.swift */,
				83AEB1991D2AC9C70064CA23 /* ViewController.swift */,
				83AEB19B1D2AC9C70064CA23 /* Main.storyboard */,
				83AEB19E1D2AC9C70064CA23 /* Assets.xcassets */,
				83AEB1A01D2AC9C70064CA23 /* LaunchScreen.storyboard */,
				83AEB1A31D2AC9C70064CA23 /* Info.plist */,
				029E68EA1D35FB7100AFDE82 /* RestaurantResults.swift */,
			);
			path = HealthyOut;
			sourceTree = "<group>";
		};
		83AEB1AB1D2AC9C80064CA23 /* HealthyOutTests */ = {
			isa = PBXGroup;
			children = (
				83AEB1AC1D2AC9C80064CA23 /* HealthyOutTests.swift */,
				83AEB1AE1D2AC9C80064CA23 /* Info.plist */,
			);
			path = HealthyOutTests;
			sourceTree = "<group>";
		};
		83AEB1B61D2AC9C80064CA23 /* HealthyOutUITests */ = {
			isa = PBXGroup;
			children = (
				83AEB1B71D2AC9C80064CA23 /* HealthyOutUITests.swift */,
				83AEB1B91D2AC9C80064CA23 /* Info.plist */,
			);
			path = HealthyOutUITests;
			sourceTree = "<group>";
		};
/* End PBXGroup section */

/* Begin PBXNativeTarget section */
		83AEB1931D2AC9C70064CA23 /* HealthyOut */ = {
			isa = PBXNativeTarget;
			buildConfigurationList = 83AEB1BC1D2AC9C80064CA23 /* Build configuration list for PBXNativeTarget "HealthyOut" */;
			buildPhases = (
				83AEB1901D2AC9C70064CA23 /* Sources */,
				83AEB1911D2AC9C70064CA23 /* Frameworks */,
				83AEB1921D2AC9C70064CA23 /* Resources */,
			);
			buildRules = (
			);
			dependencies = (
			);
			name = HealthyOut;
			productName = HealthyOut;
			productReference = 83AEB1941D2AC9C70064CA23 /* HealthyOut.app */;
			productType = "com.apple.product-type.application";
		};
		83AEB1A71D2AC9C80064CA23 /* HealthyOutTests */ = {
			isa = PBXNativeTarget;
			buildConfigurationList = 83AEB1BF1D2AC9C80064CA23 /* Build configuration list for PBXNativeTarget "HealthyOutTests" */;
			buildPhases = (
				83AEB1A41D2AC9C80064CA23 /* Sources */,
				83AEB1A51D2AC9C80064CA23 /* Frameworks */,
				83AEB1A61D2AC9C80064CA23 /* Resources */,
			);
			buildRules = (
			);
			dependencies = (
				83AEB1AA1D2AC9C80064CA23 /* PBXTargetDependency */,
			);
			name = HealthyOutTests;
			productName = HealthyOutTests;
			productReference = 83AEB1A81D2AC9C80064CA23 /* HealthyOutTests.xctest */;
			productType = "com.apple.product-type.bundle.unit-test";
		};
		83AEB1B21D2AC9C80064CA23 /* HealthyOutUITests */ = {
			isa = PBXNativeTarget;
			buildConfigurationList = 83AEB1C21D2AC9C80064CA23 /* Build configuration list for PBXNativeTarget "HealthyOutUITests" */;
			buildPhases = (
				83AEB1AF1D2AC9C80064CA23 /* Sources */,
				83AEB1B01D2AC9C80064CA23 /* Frameworks */,
				83AEB1B11D2AC9C80064CA23 /* Resources */,
			);
			buildRules = (
			);
			dependencies = (
				83AEB1B51D2AC9C80064CA23 /* PBXTargetDependency */,
			);
			name = HealthyOutUITests;
			productName = HealthyOutUITests;
			productReference = 83AEB1B31D2AC9C80064CA23 /* HealthyOutUITests.xctest */;
			productType = "com.apple.product-type.bundle.ui-testing";
		};
/* End PBXNativeTarget section */

/* Begin PBXProject section */
		83AEB18C1D2AC9C70064CA23 /* Project object */ = {
			isa = PBXProject;
			attributes = {
				LastSwiftUpdateCheck = 0730;
				LastUpgradeCheck = 0730;
				ORGANIZATIONNAME = WholeApps;
				TargetAttributes = {
					83AEB1931D2AC9C70064CA23 = {
						CreatedOnToolsVersion = 7.3.1;
						DevelopmentTeam = 7FM55QPXFE;
					};
					83AEB1A71D2AC9C80064CA23 = {
						CreatedOnToolsVersion = 7.3.1;
						TestTargetID = 83AEB1931D2AC9C70064CA23;
					};
					83AEB1B21D2AC9C80064CA23 = {
						CreatedOnToolsVersion = 7.3.1;
						TestTargetID = 83AEB1931D2AC9C70064CA23;
					};
				};
			};
			buildConfigurationList = 83AEB18F1D2AC9C70064CA23 /* Build configuration list for PBXProject "HealthyOut" */;
			compatibilityVersion = "Xcode 3.2";
			developmentRegion = English;
			hasScannedForEncodings = 0;
			knownRegions = (
				en,
				Base,
			);
			mainGroup = 83AEB18B1D2AC9C70064CA23;
			productRefGroup = 83AEB1951D2AC9C70064CA23 /* Products */;
			projectDirPath = "";
			projectRoot = "";
			targets = (
				83AEB1931D2AC9C70064CA23 /* HealthyOut */,
				83AEB1A71D2AC9C80064CA23 /* HealthyOutTests */,
				83AEB1B21D2AC9C80064CA23 /* HealthyOutUITests */,
			);
		};
/* End PBXProject section */

/* Begin PBXResourcesBuildPhase section */
		83AEB1921D2AC9C70064CA23 /* Resources */ = {
			isa = PBXResourcesBuildPhase;
			buildActionMask = 2147483647;
			files = (
				83AEB1A21D2AC9C70064CA23 /* LaunchScreen.storyboard in Resources */,
				83AEB19F1D2AC9C70064CA23 /* Assets.xcassets in Resources */,
				83AEB19D1D2AC9C70064CA23 /* Main.storyboard in Resources */,
			);
			runOnlyForDeploymentPostprocessing = 0;
		};
		83AEB1A61D2AC9C80064CA23 /* Resources */ = {
			isa = PBXResourcesBuildPhase;
			buildActionMask = 2147483647;
			files = (
			);
			runOnlyForDeploymentPostprocessing = 0;
		};
		83AEB1B11D2AC9C80064CA23 /* Resources */ = {
			isa = PBXResourcesBuildPhase;
			buildActionMask = 2147483647;
			files = (
			);
			runOnlyForDeploymentPostprocessing = 0;
		};
/* End PBXResourcesBuildPhase section */

/* Begin PBXSourcesBuildPhase section */
		83AEB1901D2AC9C70064CA23 /* Sources */ = {
			isa = PBXSourcesBuildPhase;
			buildActionMask = 2147483647;
			files = (
				83AEB19A1D2AC9C70064CA23 /* ViewController.swift in Sources */,
				029E68EB1D35FB7100AFDE82 /* RestaurantResults.swift in Sources */,
				83AEB1981D2AC9C70064CA23 /* AppDelegate.swift in Sources */,
			);
			runOnlyForDeploymentPostprocessing = 0;
		};
		83AEB1A41D2AC9C80064CA23 /* Sources */ = {
			isa = PBXSourcesBuildPhase;
			buildActionMask = 2147483647;
			files = (
				83AEB1AD1D2AC9C80064CA23 /* HealthyOutTests.swift in Sources */,
			);
			runOnlyForDeploymentPostprocessing = 0;
		};
		83AEB1AF1D2AC9C80064CA23 /* Sources */ = {
			isa = PBXSourcesBuildPhase;
			buildActionMask = 2147483647;
			files = (
				83AEB1B81D2AC9C80064CA23 /* HealthyOutUITests.swift in Sources */,
			);
			runOnlyForDeploymentPostprocessing = 0;
		};
/* End PBXSourcesBuildPhase section */

/* Begin PBXTargetDependency section */
		83AEB1AA1D2AC9C80064CA23 /* PBXTargetDependency */ = {
			isa = PBXTargetDependency;
			target = 83AEB1931D2AC9C70064CA23 /* HealthyOut */;
			targetProxy = 83AEB1A91D2AC9C80064CA23 /* PBXContainerItemProxy */;
		};
		83AEB1B51D2AC9C80064CA23 /* PBXTargetDependency */ = {
			isa = PBXTargetDependency;
			target = 83AEB1931D2AC9C70064CA23 /* HealthyOut */;
			targetProxy = 83AEB1B41D2AC9C80064CA23 /* PBXContainerItemProxy */;
		};
/* End PBXTargetDependency section */

/* Begin PBXVariantGroup section */
		83AEB19B1D2AC9C70064CA23 /* Main.storyboard */ = {
			isa = PBXVariantGroup;
			children = (
				83AEB19C1D2AC9C70064CA23 /* Base */,
			);
			name = Main.storyboard;
			sourceTree = "<group>";
		};
		83AEB1A01D2AC9C70064CA23 /* LaunchScreen.storyboard */ = {
			isa = PBXVariantGroup;
			children = (
				83AEB1A11D2AC9C70064CA23 /* Base */,
			);
			name = LaunchScreen.storyboard;
			sourceTree = "<group>";
		};
/* End PBXVariantGroup section */

/* Begin XCBuildConfiguration section */
		83AEB1BA1D2AC9C80064CA23 /* Debug */ = {
			isa = XCBuildConfiguration;
			buildSettings = {
				ALWAYS_SEARCH_USER_PATHS = NO;
				CLANG_ANALYZER_NONNULL = YES;
				CLANG_CXX_LANGUAGE_STANDARD = "gnu++0x";
				CLANG_CXX_LIBRARY = "libc++";
				CLANG_ENABLE_MODULES = YES;
				CLANG_ENABLE_OBJC_ARC = YES;
				CLANG_WARN_BOOL_CONVERSION = YES;
				CLANG_WARN_CONSTANT_CONVERSION = YES;
				CLANG_WARN_DIRECT_OBJC_ISA_USAGE = YES_ERROR;
				CLANG_WARN_EMPTY_BODY = YES;
				CLANG_WARN_ENUM_CONVERSION = YES;
				CLANG_WARN_INT_CONVERSION = YES;
				CLANG_WARN_OBJC_ROOT_CLASS = YES_ERROR;
				CLANG_WARN_UNREACHABLE_CODE = YES;
				CLANG_WARN__DUPLICATE_METHOD_MATCH = YES;
				"CODE_SIGN_IDENTITY[sdk=iphoneos*]" = "iPhone Developer";
				COPY_PHASE_STRIP = NO;
				DEBUG_INFORMATION_FORMAT = dwarf;
				ENABLE_STRICT_OBJC_MSGSEND = YES;
				ENABLE_TESTABILITY = YES;
				GCC_C_LANGUAGE_STANDARD = gnu99;
				GCC_DYNAMIC_NO_PIC = NO;
				GCC_NO_COMMON_BLOCKS = YES;
				GCC_OPTIMIZATION_LEVEL = 0;
				GCC_PREPROCESSOR_DEFINITIONS = (
					"DEBUG=1",
					"$(inherited)",
				);
				GCC_WARN_64_TO_32_BIT_CONVERSION = YES;
				GCC_WARN_ABOUT_RETURN_TYPE = YES_ERROR;
				GCC_WARN_UNDECLARED_SELECTOR = YES;
				GCC_WARN_UNINITIALIZED_AUTOS = YES_AGGRESSIVE;
				GCC_WARN_UNUSED_FUNCTION = YES;
				GCC_WARN_UNUSED_VARIABLE = YES;
				IPHONEOS_DEPLOYMENT_TARGET = 9.3;
				MTL_ENABLE_DEBUG_INFO = YES;
				ONLY_ACTIVE_ARCH = YES;
				SDKROOT = iphoneos;
				SWIFT_OPTIMIZATION_LEVEL = "-Onone";
			};
			name = Debug;
		};
		83AEB1BB1D2AC9C80064CA23 /* Release */ = {
			isa = XCBuildConfiguration;
			buildSettings = {
				ALWAYS_SEARCH_USER_PATHS = NO;
				CLANG_ANALYZER_NONNULL = YES;
				CLANG_CXX_LANGUAGE_STANDARD = "gnu++0x";
				CLANG_CXX_LIBRARY = "libc++";
				CLANG_ENABLE_MODULES = YES;
				CLANG_ENABLE_OBJC_ARC = YES;
				CLANG_WARN_BOOL_CONVERSION = YES;
				CLANG_WARN_CONSTANT_CONVERSION = YES;
				CLANG_WARN_DIRECT_OBJC_ISA_USAGE = YES_ERROR;
				CLANG_WARN_EMPTY_BODY = YES;
				CLANG_WARN_ENUM_CONVERSION = YES;
				CLANG_WARN_INT_CONVERSION = YES;
				CLANG_WARN_OBJC_ROOT_CLASS = YES_ERROR;
				CLANG_WARN_UNREACHABLE_CODE = YES;
				CLANG_WARN__DUPLICATE_METHOD_MATCH = YES;
				"CODE_SIGN_IDENTITY[sdk=iphoneos*]" = "iPhone Developer";
				COPY_PHASE_STRIP = NO;
				DEBUG_INFORMATION_FORMAT = "dwarf-with-dsym";
				ENABLE_NS_ASSERTIONS = NO;
				ENABLE_STRICT_OBJC_MSGSEND = YES;
				GCC_C_LANGUAGE_STANDARD = gnu99;
				GCC_NO_COMMON_BLOCKS = YES;
				GCC_WARN_64_TO_32_BIT_CONVERSION = YES;
				GCC_WARN_ABOUT_RETURN_TYPE = YES_ERROR;
				GCC_WARN_UNDECLARED_SELECTOR = YES;
				GCC_WARN_UNINITIALIZED_AUTOS = YES_AGGRESSIVE;
				GCC_WARN_UNUSED_FUNCTION = YES;
				GCC_WARN_UNUSED_VARIABLE = YES;
				IPHONEOS_DEPLOYMENT_TARGET = 9.3;
				MTL_ENABLE_DEBUG_INFO = NO;
				SDKROOT = iphoneos;
				VALIDATE_PRODUCT = YES;
			};
			name = Release;
		};
		83AEB1BD1D2AC9C80064CA23 /* Debug */ = {
			isa = XCBuildConfiguration;
			buildSettings = {
				ASSETCATALOG_COMPILER_APPICON_NAME = AppIcon;
				CODE_SIGN_IDENTITY = "iPhone Developer";
				"CODE_SIGN_IDENTITY[sdk=iphoneos*]" = "iPhone Developer";
				INFOPLIST_FILE = HealthyOut/Info.plist;
				IPHONEOS_DEPLOYMENT_TARGET = 9.2;
				LD_RUNPATH_SEARCH_PATHS = "$(inherited) @executable_path/Frameworks";
				PRODUCT_BUNDLE_IDENTIFIER = wholeapps.HealthyOut;
				PRODUCT_NAME = "$(TARGET_NAME)";
				PROVISIONING_PROFILE = "";
				TARGETED_DEVICE_FAMILY = 1;
			};
			name = Debug;
		};
		83AEB1BE1D2AC9C80064CA23 /* Release */ = {
			isa = XCBuildConfiguration;
			buildSettings = {
				ASSETCATALOG_COMPILER_APPICON_NAME = AppIcon;
				CODE_SIGN_IDENTITY = "iPhone Developer";
				"CODE_SIGN_IDENTITY[sdk=iphoneos*]" = "iPhone Developer";
				INFOPLIST_FILE = HealthyOut/Info.plist;
				IPHONEOS_DEPLOYMENT_TARGET = 9.2;
				LD_RUNPATH_SEARCH_PATHS = "$(inherited) @executable_path/Frameworks";
				PRODUCT_BUNDLE_IDENTIFIER = wholeapps.HealthyOut;
				PRODUCT_NAME = "$(TARGET_NAME)";
				PROVISIONING_PROFILE = "";
				TARGETED_DEVICE_FAMILY = 1;
			};
			name = Release;
		};
		83AEB1C01D2AC9C80064CA23 /* Debug */ = {
			isa = XCBuildConfiguration;
			buildSettings = {
				BUNDLE_LOADER = "$(TEST_HOST)";
				INFOPLIST_FILE = HealthyOutTests/Info.plist;
				LD_RUNPATH_SEARCH_PATHS = "$(inherited) @executable_path/Frameworks @loader_path/Frameworks";
				PRODUCT_BUNDLE_IDENTIFIER = wholeapps.HealthyOutTests;
				PRODUCT_NAME = "$(TARGET_NAME)";
				TEST_HOST = "$(BUILT_PRODUCTS_DIR)/HealthyOut.app/HealthyOut";
			};
			name = Debug;
		};
		83AEB1C11D2AC9C80064CA23 /* Release */ = {
			isa = XCBuildConfiguration;
			buildSettings = {
				BUNDLE_LOADER = "$(TEST_HOST)";
				INFOPLIST_FILE = HealthyOutTests/Info.plist;
				LD_RUNPATH_SEARCH_PATHS = "$(inherited) @executable_path/Frameworks @loader_path/Frameworks";
				PRODUCT_BUNDLE_IDENTIFIER = wholeapps.HealthyOutTests;
				PRODUCT_NAME = "$(TARGET_NAME)";
				TEST_HOST = "$(BUILT_PRODUCTS_DIR)/HealthyOut.app/HealthyOut";
			};
			name = Release;
		};
		83AEB1C31D2AC9C80064CA23 /* Debug */ = {
			isa = XCBuildConfiguration;
			buildSettings = {
				INFOPLIST_FILE = HealthyOutUITests/Info.plist;
				LD_RUNPATH_SEARCH_PATHS = "$(inherited) @executable_path/Frameworks @loader_path/Frameworks";
				PRODUCT_BUNDLE_IDENTIFIER = wholeapps.HealthyOutUITests;
				PRODUCT_NAME = "$(TARGET_NAME)";
				TEST_TARGET_NAME = HealthyOut;
			};
			name = Debug;
		};
		83AEB1C41D2AC9C80064CA23 /* Release */ = {
			isa = XCBuildConfiguration;
			buildSettings = {
				INFOPLIST_FILE = HealthyOutUITests/Info.plist;
				LD_RUNPATH_SEARCH_PATHS = "$(inherited) @executable_path/Frameworks @loader_path/Frameworks";
				PRODUCT_BUNDLE_IDENTIFIER = wholeapps.HealthyOutUITests;
				PRODUCT_NAME = "$(TARGET_NAME)";
				TEST_TARGET_NAME = HealthyOut;
			};
			name = Release;
		};
/* End XCBuildConfiguration section */

/* Begin XCConfigurationList section */
		83AEB18F1D2AC9C70064CA23 /* Build configuration list for PBXProject "HealthyOut" */ = {
			isa = XCConfigurationList;
			buildConfigurations = (
				83AEB1BA1D2AC9C80064CA23 /* Debug */,
				83AEB1BB1D2AC9C80064CA23 /* Release */,
			);
			defaultConfigurationIsVisible = 0;
			defaultConfigurationName = Release;
		};
		83AEB1BC1D2AC9C80064CA23 /* Build configuration list for PBXNativeTarget "HealthyOut" */ = {
			isa = XCConfigurationList;
			buildConfigurations = (
				83AEB1BD1D2AC9C80064CA23 /* Debug */,
				83AEB1BE1D2AC9C80064CA23 /* Release */,
			);
			defaultConfigurationIsVisible = 0;
			defaultConfigurationName = Release;
		};
		83AEB1BF1D2AC9C80064CA23 /* Build configuration list for PBXNativeTarget "HealthyOutTests" */ = {
			isa = XCConfigurationList;
			buildConfigurations = (
				83AEB1C01D2AC9C80064CA23 /* Debug */,
				83AEB1C11D2AC9C80064CA23 /* Release */,
			);
			defaultConfigurationIsVisible = 0;
			defaultConfigurationName = Release;
		};
		83AEB1C21D2AC9C80064CA23 /* Build configuration list for PBXNativeTarget "HealthyOutUITests" */ = {
			isa = XCConfigurationList;
			buildConfigurations = (
				83AEB1C31D2AC9C80064CA23 /* Debug */,
				83AEB1C41D2AC9C80064CA23 /* Release */,
			);
			defaultConfigurationIsVisible = 0;
			defaultConfigurationName = Release;
		};
/* End XCConfigurationList section */
	};
	rootObject = 83AEB18C1D2AC9C70064CA23 /* Project object */;
}
